{
  "name": "@syncpoint/signsdb",
  "version": "1.0.0",
  "lockfileVersion": 3,
  "requires": true,
  "packages": {
    "": {
      "name": "@syncpoint/signsdb",
      "version": "1.0.0",
      "license": "ISC",
      "dependencies": {
        "mil-std-2525": "^0.2.5",
        "ramda": "^0.28.0",
        "stanag-app6": "^0.2.0"
      }
    },
    "node_modules/mil-std-2525": {
      "version": "0.2.5",
      "resolved": "https://registry.npmjs.org/mil-std-2525/-/mil-std-2525-0.2.5.tgz",
      "integrity": "sha512-h/H5AiDD6D1U/4O990/pm12RfQLHi0Fa2C/JsvIEOwu3nOo4B19FDL7EBuKYFw8WtAtV11BO8jE6X+8WqJOuow=="
    },
    "node_modules/ramda": {
      "version": "0.28.0",
      "resolved": "https://registry.npmjs.org/ramda/-/ramda-0.28.0.tgz",
      "integrity": "sha512-9QnLuG/kPVgWvMQ4aODhsBUFKOUmnbUnsSXACv+NCQZcHbeb+v8Lodp8OVxtRULN1/xOyYLLaL6npE6dMq5QTA==",
      "funding": {
        "type": "opencollective",
        "url": "https://opencollective.com/ramda"
      }
    },
    "node_modules/stanag-app6": {
      "version": "0.2.0",
      "resolved": "https://registry.npmjs.org/stanag-app6/-/stanag-app6-0.2.0.tgz",
      "integrity": "sha512-52MBXYzaAFYsCctBQUY9IwYMnZ50T1Og7316vPNrzU2ifQX2C4mofzScBUhZFwJvtpYO1O0I4IYeYohQ3JzxUA=="
    }
  }
}
